
Microsoft Visual Studio Solution File, Format Version 12.00
# Visual Studio Version 17
VisualStudioVersion = 17.8.34330.188
MinimumVisualStudioVersion = 10.0.40219.1
Project("{FAE04EC0-301F-11D3-BF4B-00C04F79EFBC}") = "2A", "2A\2A.csproj", "{5E378754-50E3-435D-98B4-48DBA39A047A}"
EndProject
Global
	GlobalSection(SolutionConfigurationPlatforms) = preSolution
		Debug|Any CPU = Debug|Any CPU
		Release|Any CPU = Release|Any CPU
	EndGlobalSection
	GlobalSection(ProjectConfigurationPlatforms) = postSolution
		{5E378754-50E3-435D-98B4-48DBA39A047A}.Debug|Any CPU.ActiveCfg = Debug|Any CPU
		{5E378754-50E3-435D-98B4-48DBA39A047A}.Debug|Any CPU.Build.0 = Debug|Any CPU
		{5E378754-50E3-435D-98B4-48DBA39A047A}.Release|Any CPU.ActiveCfg = Release|Any CPU
		{5E378754-50E3-435D-98B4-48DBA39A047A}.Release|Any CPU.Build.0 = Release|Any CPU
	EndGlobalSection
	GlobalSection(SolutionProperties) = preSolution
		HideSolutionNode = FALSE
	EndGlobalSection
	GlobalSection(ExtensibilityGlobals) = postSolution
		SolutionGuid = {44506EB5-5FFB-4AF0-81FF-369E24937F66}
	EndGlobalSection
EndGlobal
