
Microsoft Visual Studio Solution File, Format Version 12.00
# Visual Studio Version 17
VisualStudioVersion = 17.8.34330.188
MinimumVisualStudioVersion = 10.0.40219.1
Project("{FAE04EC0-301F-11D3-BF4B-00C04F79EFBC}") = "Bank", "Bank\Bank.csproj", "{837A0508-EA78-4769-9525-7BC5173D9847}"
EndProject
Global
	GlobalSection(SolutionConfigurationPlatforms) = preSolution
		Debug|Any CPU = Debug|Any CPU
		Release|Any CPU = Release|Any CPU
	EndGlobalSection
	GlobalSection(ProjectConfigurationPlatforms) = postSolution
		{837A0508-EA78-4769-9525-7BC5173D9847}.Debug|Any CPU.ActiveCfg = Debug|Any CPU
		{837A0508-EA78-4769-9525-7BC5173D9847}.Debug|Any CPU.Build.0 = Debug|Any CPU
		{837A0508-EA78-4769-9525-7BC5173D9847}.Release|Any CPU.ActiveCfg = Release|Any CPU
		{837A0508-EA78-4769-9525-7BC5173D9847}.Release|Any CPU.Build.0 = Release|Any CPU
	EndGlobalSection
	GlobalSection(SolutionProperties) = preSolution
		HideSolutionNode = FALSE
	EndGlobalSection
	GlobalSection(ExtensibilityGlobals) = postSolution
		SolutionGuid = {C2A3B801-6804-457F-82B0-DD5F2665AEEC}
	EndGlobalSection
EndGlobal
