
Microsoft Visual Studio Solution File, Format Version 12.00
# Visual Studio Version 17
VisualStudioVersion = 17.7.34221.43
MinimumVisualStudioVersion = 10.0.40219.1
Project("{FAE04EC0-301F-11D3-BF4B-00C04F79EFBC}") = "FallingParticles", "FallingParticles\FallingParticles.csproj", "{C478FE61-E2EF-463C-93F0-B95605ABEFC0}"
EndProject
Global
	GlobalSection(SolutionConfigurationPlatforms) = preSolution
		Debug|Any CPU = Debug|Any CPU
		Release|Any CPU = Release|Any CPU
	EndGlobalSection
	GlobalSection(ProjectConfigurationPlatforms) = postSolution
		{C478FE61-E2EF-463C-93F0-B95605ABEFC0}.Debug|Any CPU.ActiveCfg = Debug|Any CPU
		{C478FE61-E2EF-463C-93F0-B95605ABEFC0}.Debug|Any CPU.Build.0 = Debug|Any CPU
		{C478FE61-E2EF-463C-93F0-B95605ABEFC0}.Release|Any CPU.ActiveCfg = Release|Any CPU
		{C478FE61-E2EF-463C-93F0-B95605ABEFC0}.Release|Any CPU.Build.0 = Release|Any CPU
	EndGlobalSection
	GlobalSection(SolutionProperties) = preSolution
		HideSolutionNode = FALSE
	EndGlobalSection
	GlobalSection(ExtensibilityGlobals) = postSolution
		SolutionGuid = {425DA6E5-10BC-4FB0-A12F-529B6FD408A1}
	EndGlobalSection
EndGlobal
