
Microsoft Visual Studio Solution File, Format Version 12.00
# Visual Studio Version 17
VisualStudioVersion = 17.7.34221.43
MinimumVisualStudioVersion = 10.0.40219.1
Project("{FAE04EC0-301F-11D3-BF4B-00C04F79EFBC}") = "Gruppeoppgave Restaurant", "Gruppeoppgave Resturant\Gruppeoppgave Restaurant.csproj", "{358090E8-2004-47F7-BAEC-CA50CE21479F}"
EndProject
Global
	GlobalSection(SolutionConfigurationPlatforms) = preSolution
		Debug|Any CPU = Debug|Any CPU
		Release|Any CPU = Release|Any CPU
	EndGlobalSection
	GlobalSection(ProjectConfigurationPlatforms) = postSolution
		{358090E8-2004-47F7-BAEC-CA50CE21479F}.Debug|Any CPU.ActiveCfg = Debug|Any CPU
		{358090E8-2004-47F7-BAEC-CA50CE21479F}.Debug|Any CPU.Build.0 = Debug|Any CPU
		{358090E8-2004-47F7-BAEC-CA50CE21479F}.Release|Any CPU.ActiveCfg = Release|Any CPU
		{358090E8-2004-47F7-BAEC-CA50CE21479F}.Release|Any CPU.Build.0 = Release|Any CPU
	EndGlobalSection
	GlobalSection(SolutionProperties) = preSolution
		HideSolutionNode = FALSE
	EndGlobalSection
	GlobalSection(ExtensibilityGlobals) = postSolution
		SolutionGuid = {16E65BAE-4D49-472E-AAB1-9C5F2CEFEEB0}
	EndGlobalSection
EndGlobal
